
Microsoft Visual Studio Solution File, Format Version 12.00
# Visual Studio Version 17
VisualStudioVersion = 17.5.33516.290
MinimumVisualStudioVersion = 10.0.40219.1
Project("{FAE04EC0-301F-11D3-BF4B-00C04F79EFBC}") = "Reloj para pruebas", "Reloj para pruebas.csproj", "{C48ADD00-A115-4D88-84B7-825E1120C7DF}"
EndProject
Project("{FAE04EC0-301F-11D3-BF4B-00C04F79EFBC}") = "Entidades", "Entidades\Entidades.csproj", "{E56AB4A2-7166-4905-AE5B-EF3499EBC438}"
EndProject
Project("{FAE04EC0-301F-11D3-BF4B-00C04F79EFBC}") = "LogicaDeNegocios", "LogicaDeNegocios\LogicaDeNegocios.csproj", "{BF2CCEF3-B790-482E-A7D9-8569320F03CE}"
EndProject
Global
	GlobalSection(SolutionConfigurationPlatforms) = preSolution
		Debug|Any CPU = Debug|Any CPU
		Release|Any CPU = Release|Any CPU
	EndGlobalSection
	GlobalSection(ProjectConfigurationPlatforms) = postSolution
		{C48ADD00-A115-4D88-84B7-825E1120C7DF}.Debug|Any CPU.ActiveCfg = Debug|Any CPU
		{C48ADD00-A115-4D88-84B7-825E1120C7DF}.Debug|Any CPU.Build.0 = Debug|Any CPU
		{C48ADD00-A115-4D88-84B7-825E1120C7DF}.Release|Any CPU.ActiveCfg = Release|Any CPU
		{C48ADD00-A115-4D88-84B7-825E1120C7DF}.Release|Any CPU.Build.0 = Release|Any CPU
		{E56AB4A2-7166-4905-AE5B-EF3499EBC438}.Debug|Any CPU.ActiveCfg = Debug|Any CPU
		{E56AB4A2-7166-4905-AE5B-EF3499EBC438}.Debug|Any CPU.Build.0 = Debug|Any CPU
		{E56AB4A2-7166-4905-AE5B-EF3499EBC438}.Release|Any CPU.ActiveCfg = Release|Any CPU
		{E56AB4A2-7166-4905-AE5B-EF3499EBC438}.Release|Any CPU.Build.0 = Release|Any CPU
		{BF2CCEF3-B790-482E-A7D9-8569320F03CE}.Debug|Any CPU.ActiveCfg = Debug|Any CPU
		{BF2CCEF3-B790-482E-A7D9-8569320F03CE}.Debug|Any CPU.Build.0 = Debug|Any CPU
		{BF2CCEF3-B790-482E-A7D9-8569320F03CE}.Release|Any CPU.ActiveCfg = Release|Any CPU
		{BF2CCEF3-B790-482E-A7D9-8569320F03CE}.Release|Any CPU.Build.0 = Release|Any CPU
	EndGlobalSection
	GlobalSection(SolutionProperties) = preSolution
		HideSolutionNode = FALSE
	EndGlobalSection
	GlobalSection(ExtensibilityGlobals) = postSolution
		SolutionGuid = {E8C475E9-BA5A-425B-B444-93A9E5D4C774}
	EndGlobalSection
EndGlobal
